// !$*UTF8*$!
{
	archiveVersion = 1;
	classes = {
	};
	objectVersion = 46;
	objects = {

/* Begin PBXBuildFile section */
		3CEDF3061966D55D0095860E /* Foundation.framework in Frameworks */ = {isa = PBXBuildFile; fileRef = 3CEDF3051966D55D0095860E /* Foundation.framework */; };
		3CEDF3081966D55D0095860E /* CoreGraphics.framework in Frameworks */ = {isa = PBXBuildFile; fileRef = 3CEDF3071966D55D0095860E /* CoreGraphics.framework */; };
		3CEDF30A1966D55D0095860E /* UIKit.framework in Frameworks */ = {isa = PBXBuildFile; fileRef = 3CEDF3091966D55D0095860E /* UIKit.framework */; };
		3CEDF3101966D55D0095860E /* InfoPlist.strings in Resources */ = {isa = PBXBuildFile; fileRef = 3CEDF30E1966D55D0095860E /* InfoPlist.strings */; };
		3CEDF3121966D55D0095860E /* main.m in Sources */ = {isa = PBXBuildFile; fileRef = 3CEDF3111966D55D0095860E /* main.m */; };
		3CEDF3161966D55D0095860E /* XYZAppDelegate.m in Sources */ = {isa = PBXBuildFile; fileRef = 3CEDF3151966D55D0095860E /* XYZAppDelegate.m */; };
		3CEDF3181966D55D0095860E /* Images.xcassets in Resources */ = {isa = PBXBuildFile; fileRef = 3CEDF3171966D55D0095860E /* Images.xcassets */; };
		3CEDF31F1966D55D0095860E /* XCTest.framework in Frameworks */ = {isa = PBXBuildFile; fileRef = 3CEDF31E1966D55D0095860E /* XCTest.framework */; };
		3CEDF3201966D55D0095860E /* Foundation.framework in Frameworks */ = {isa = PBXBuildFile; fileRef = 3CEDF3051966D55D0095860E /* Foundation.framework */; };
		3CEDF3211966D55D0095860E /* UIKit.framework in Frameworks */ = {isa = PBXBuildFile; fileRef = 3CEDF3091966D55D0095860E /* UIKit.framework */; };
		3CEDF3291966D55D0095860E /* InfoPlist.strings in Resources */ = {isa = PBXBuildFile; fileRef = 3CEDF3271966D55D0095860E /* InfoPlist.strings */; };
		3CEDF32B1966D55D0095860E /* HypnotizerTests.m in Sources */ = {isa = PBXBuildFile; fileRef = 3CEDF32A1966D55D0095860E /* HypnotizerTests.m */; };
		3CEDF3361966D6320095860E /* XYZHypnosisView.m in Sources */ = {isa = PBXBuildFile; fileRef = 3CEDF3351966D6320095860E /* XYZHypnosisView.m */; };
/* End PBXBuildFile section */

/* Begin PBXContainerItemProxy section */
		3CEDF3221966D55D0095860E /* PBXContainerItemProxy */ = {
			isa = PBXContainerItemProxy;
			containerPortal = 3CEDF2FA1966D55D0095860E /* Project object */;
			proxyType = 1;
			remoteGlobalIDString = 3CEDF3011966D55D0095860E;
			remoteInfo = Hypnotizer;
		};
/* End PBXContainerItemProxy section */

/* Begin PBXFileReference section */
		3CEDF3021966D55D0095860E /* Hypnotizer.app */ = {isa = PBXFileReference; explicitFileType = wrapper.application; includeInIndex = 0; path = Hypnotizer.app; sourceTree = BUILT_PRODUCTS_DIR; };
		3CEDF3051966D55D0095860E /* Foundation.framework */ = {isa = PBXFileReference; lastKnownFileType = wrapper.framework; name = Foundation.framework; path = System/Library/Frameworks/Foundation.framework; sourceTree = SDKROOT; };
		3CEDF3071966D55D0095860E /* CoreGraphics.framework */ = {isa = PBXFileReference; lastKnownFileType = wrapper.framework; name = CoreGraphics.framework; path = System/Library/Frameworks/CoreGraphics.framework; sourceTree = SDKROOT; };
		3CEDF3091966D55D0095860E /* UIKit.framework */ = {isa = PBXFileReference; lastKnownFileType = wrapper.framework; name = UIKit.framework; path = System/Library/Frameworks/UIKit.framework; sourceTree = SDKROOT; };
		3CEDF30D1966D55D0095860E /* Hypnotizer-Info.plist */ = {isa = PBXFileReference; lastKnownFileType = text.plist.xml; path = "Hypnotizer-Info.plist"; sourceTree = "<group>"; };
		3CEDF30F1966D55D0095860E /* en */ = {isa = PBXFileReference; lastKnownFileType = text.plist.strings; name = en; path = en.lproj/InfoPlist.strings; sourceTree = "<group>"; };
		3CEDF3111966D55D0095860E /* main.m */ = {isa = PBXFileReference; lastKnownFileType = sourcecode.c.objc; path = main.m; sourceTree = "<group>"; };
		3CEDF3131966D55D0095860E /* Hypnotizer-Prefix.pch */ = {isa = PBXFileReference; lastKnownFileType = sourcecode.c.h; path = "Hypnotizer-Prefix.pch"; sourceTree = "<group>"; };
		3CEDF3141966D55D0095860E /* XYZAppDelegate.h */ = {isa = PBXFileReference; lastKnownFileType = sourcecode.c.h; path = XYZAppDelegate.h; sourceTree = "<group>"; };
		3CEDF3151966D55D0095860E /* XYZAppDelegate.m */ = {isa = PBXFileReference; lastKnownFileType = sourcecode.c.objc; path = XYZAppDelegate.m; sourceTree = "<group>"; };
		3CEDF3171966D55D0095860E /* Images.xcassets */ = {isa = PBXFileReference; lastKnownFileType = folder.assetcatalog; path = Images.xcassets; sourceTree = "<group>"; };
		3CEDF31D1966D55D0095860E /* HypnotizerTests.xctest */ = {isa = PBXFileReference; explicitFileType = wrapper.cfbundle; includeInIndex = 0; path = HypnotizerTests.xctest; sourceTree = BUILT_PRODUCTS_DIR; };
		3CEDF31E1966D55D0095860E /* XCTest.framework */ = {isa = PBXFileReference; lastKnownFileType = wrapper.framework; name = XCTest.framework; path = Library/Frameworks/XCTest.framework; sourceTree = DEVELOPER_DIR; };
		3CEDF3261966D55D0095860E /* HypnotizerTests-Info.plist */ = {isa = PBXFileReference; lastKnownFileType = text.plist.xml; path = "HypnotizerTests-Info.plist"; sourceTree = "<group>"; };
		3CEDF3281966D55D0095860E /* en */ = {isa = PBXFileReference; lastKnownFileType = text.plist.strings; name = en; path = en.lproj/InfoPlist.strings; sourceTree = "<group>"; };
		3CEDF32A1966D55D0095860E /* HypnotizerTests.m */ = {isa = PBXFileReference; lastKnownFileType = sourcecode.c.objc; path = HypnotizerTests.m; sourceTree = "<group>"; };
		3CEDF3341966D6320095860E /* XYZHypnosisView.h */ = {isa = PBXFileReference; fileEncoding = 4; lastKnownFileType = sourcecode.c.h; path = XYZHypnosisView.h; sourceTree = "<group>"; };
		3CEDF3351966D6320095860E /* XYZHypnosisView.m */ = {isa = PBXFileReference; fileEncoding = 4; lastKnownFileType = sourcecode.c.objc; path = XYZHypnosisView.m; sourceTree = "<group>"; };
/* End PBXFileReference section */

/* Begin PBXFrameworksBuildPhase section */
		3CEDF2FF1966D55D0095860E /* Frameworks */ = {
			isa = PBXFrameworksBuildPhase;
			buildActionMask = 2147483647;
			files = (
				3CEDF3081966D55D0095860E /* CoreGraphics.framework in Frameworks */,
				3CEDF30A1966D55D0095860E /* UIKit.framework in Frameworks */,
				3CEDF3061966D55D0095860E /* Foundation.framework in Frameworks */,
			);
			runOnlyForDeploymentPostprocessing = 0;
		};
		3CEDF31A1966D55D0095860E /* Frameworks */ = {
			isa = PBXFrameworksBuildPhase;
			buildActionMask = 2147483647;
			files = (
				3CEDF31F1966D55D0095860E /* XCTest.framework in Frameworks */,
				3CEDF3211966D55D0095860E /* UIKit.framework in Frameworks */,
				3CEDF3201966D55D0095860E /* Foundation.framework in Frameworks */,
			);
			runOnlyForDeploymentPostprocessing = 0;
		};
/* End PBXFrameworksBuildPhase section */

/* Begin PBXGroup section */
		3CEDF2F91966D55D0095860E = {
			isa = PBXGroup;
			children = (
				3CEDF3341966D6320095860E /* XYZHypnosisView.h */,
				3CEDF3351966D6320095860E /* XYZHypnosisView.m */,
				3CEDF30B1966D55D0095860E /* Hypnotizer */,
				3CEDF3241966D55D0095860E /* HypnotizerTests */,
				3CEDF3041966D55D0095860E /* Frameworks */,
				3CEDF3031966D55D0095860E /* Products */,
			);
			sourceTree = "<group>";
		};
		3CEDF3031966D55D0095860E /* Products */ = {
			isa = PBXGroup;
			children = (
				3CEDF3021966D55D0095860E /* Hypnotizer.app */,
				3CEDF31D1966D55D0095860E /* HypnotizerTests.xctest */,
			);
			name = Products;
			sourceTree = "<group>";
		};
		3CEDF3041966D55D0095860E /* Frameworks */ = {
			isa = PBXGroup;
			children = (
				3CEDF3051966D55D0095860E /* Foundation.framework */,
				3CEDF3071966D55D0095860E /* CoreGraphics.framework */,
				3CEDF3091966D55D0095860E /* UIKit.framework */,
				3CEDF31E1966D55D0095860E /* XCTest.framework */,
			);
			name = Frameworks;
			sourceTree = "<group>";
		};
		3CEDF30B1966D55D0095860E /* Hypnotizer */ = {
			isa = PBXGroup;
			children = (
				3CEDF3141966D55D0095860E /* XYZAppDelegate.h */,
				3CEDF3151966D55D0095860E /* XYZAppDelegate.m */,
				3CEDF3171966D55D0095860E /* Images.xcassets */,
				3CEDF30C1966D55D0095860E /* Supporting Files */,
			);
			path = Hypnotizer;
			sourceTree = "<group>";
		};
		3CEDF30C1966D55D0095860E /* Supporting Files */ = {
			isa = PBXGroup;
			children = (
				3CEDF30D1966D55D0095860E /* Hypnotizer-Info.plist */,
				3CEDF30E1966D55D0095860E /* InfoPlist.strings */,
				3CEDF3111966D55D0095860E /* main.m */,
				3CEDF3131966D55D0095860E /* Hypnotizer-Prefix.pch */,
			);
			name = "Supporting Files";
			sourceTree = "<group>";
		};
		3CEDF3241966D55D0095860E /* HypnotizerTests */ = {
			isa = PBXGroup;
			children = (
				3CEDF32A1966D55D0095860E /* HypnotizerTests.m */,
				3CEDF3251966D55D0095860E /* Supporting Files */,
			);
			path = HypnotizerTests;
			sourceTree = "<group>";
		};
		3CEDF3251966D55D0095860E /* Supporting Files */ = {
			isa = PBXGroup;
			children = (
				3CEDF3261966D55D0095860E /* HypnotizerTests-Info.plist */,
				3CEDF3271966D55D0095860E /* InfoPlist.strings */,
			);
			name = "Supporting Files";
			sourceTree = "<group>";
		};
/* End PBXGroup section */

/* Begin PBXNativeTarget section */
		3CEDF3011966D55D0095860E /* Hypnotizer */ = {
			isa = PBXNativeTarget;
			buildConfigurationList = 3CEDF32E1966D55D0095860E /* Build configuration list for PBXNativeTarget "Hypnotizer" */;
			buildPhases = (
				3CEDF2FE1966D55D0095860E /* Sources */,
				3CEDF2FF1966D55D0095860E /* Frameworks */,
				3CEDF3001966D55D0095860E /* Resources */,
			);
			buildRules = (
			);
			dependencies = (
			);
			name = Hypnotizer;
			productName = Hypnotizer;
			productReference = 3CEDF3021966D55D0095860E /* Hypnotizer.app */;
			productType = "com.apple.product-type.application";
		};
		3CEDF31C1966D55D0095860E /* HypnotizerTests */ = {
			isa = PBXNativeTarget;
			buildConfigurationList = 3CEDF3311966D55D0095860E /* Build configuration list for PBXNativeTarget "HypnotizerTests" */;
			buildPhases = (
				3CEDF3191966D55D0095860E /* Sources */,
				3CEDF31A1966D55D0095860E /* Frameworks */,
				3CEDF31B1966D55D0095860E /* Resources */,
			);
			buildRules = (
			);
			dependencies = (
				3CEDF3231966D55D0095860E /* PBXTargetDependency */,
			);
			name = HypnotizerTests;
			productName = HypnotizerTests;
			productReference = 3CEDF31D1966D55D0095860E /* HypnotizerTests.xctest */;
			productType = "com.apple.product-type.bundle.unit-test";
		};
/* End PBXNativeTarget section */

/* Begin PBXProject section */
		3CEDF2FA1966D55D0095860E /* Project object */ = {
			isa = PBXProject;
			attributes = {
				CLASSPREFIX = XYZ;
				LastUpgradeCheck = 0510;
				ORGANIZATIONNAME = "Valliappa Chockalingam";
				TargetAttributes = {
					3CEDF31C1966D55D0095860E = {
						TestTargetID = 3CEDF3011966D55D0095860E;
					};
				};
			};
			buildConfigurationList = 3CEDF2FD1966D55D0095860E /* Build configuration list for PBXProject "Hypnotizer" */;
			compatibilityVersion = "Xcode 3.2";
			developmentRegion = English;
			hasScannedForEncodings = 0;
			knownRegions = (
				en,
			);
			mainGroup = 3CEDF2F91966D55D0095860E;
			productRefGroup = 3CEDF3031966D55D0095860E /* Products */;
			projectDirPath = "";
			projectRoot = "";
			targets = (
				3CEDF3011966D55D0095860E /* Hypnotizer */,
				3CEDF31C1966D55D0095860E /* HypnotizerTests */,
			);
		};
/* End PBXProject section */

/* Begin PBXResourcesBuildPhase section */
		3CEDF3001966D55D0095860E /* Resources */ = {
			isa = PBXResourcesBuildPhase;
			buildActionMask = 2147483647;
			files = (
				3CEDF3101966D55D0095860E /* InfoPlist.strings in Resources */,
				3CEDF3181966D55D0095860E /* Images.xcassets in Resources */,
			);
			runOnlyForDeploymentPostprocessing = 0;
		};
		3CEDF31B1966D55D0095860E /* Resources */ = {
			isa = PBXResourcesBuildPhase;
			buildActionMask = 2147483647;
			files = (
				3CEDF3291966D55D0095860E /* InfoPlist.strings in Resources */,
			);
			runOnlyForDeploymentPostprocessing = 0;
		};
/* End PBXResourcesBuildPhase section */

/* Begin PBXSourcesBuildPhase section */
		3CEDF2FE1966D55D0095860E /* Sources */ = {
			isa = PBXSourcesBuildPhase;
			buildActionMask = 2147483647;
			files = (
				3CEDF3361966D6320095860E /* XYZHypnosisView.m in Sources */,
				3CEDF3161966D55D0095860E /* XYZAppDelegate.m in Sources */,
				3CEDF3121966D55D0095860E /* main.m in Sources */,
			);
			runOnlyForDeploymentPostprocessing = 0;
		};
		3CEDF3191966D55D0095860E /* Sources */ = {
			isa = PBXSourcesBuildPhase;
			buildActionMask = 2147483647;
			files = (
				3CEDF32B1966D55D0095860E /* HypnotizerTests.m in Sources */,
			);
			runOnlyForDeploymentPostprocessing = 0;
		};
/* End PBXSourcesBuildPhase section */

/* Begin PBXTargetDependency section */
		3CEDF3231966D55D0095860E /* PBXTargetDependency */ = {
			isa = PBXTargetDependency;
			target = 3CEDF3011966D55D0095860E /* Hypnotizer */;
			targetProxy = 3CEDF3221966D55D0095860E /* PBXContainerItemProxy */;
		};
/* End PBXTargetDependency section */

/* Begin PBXVariantGroup section */
		3CEDF30E1966D55D0095860E /* InfoPlist.strings */ = {
			isa = PBXVariantGroup;
			children = (
				3CEDF30F1966D55D0095860E /* en */,
			);
			name = InfoPlist.strings;
			sourceTree = "<group>";
		};
		3CEDF3271966D55D0095860E /* InfoPlist.strings */ = {
			isa = PBXVariantGroup;
			children = (
				3CEDF3281966D55D0095860E /* en */,
			);
			name = InfoPlist.strings;
			sourceTree = "<group>";
		};
/* End PBXVariantGroup section */

/* Begin XCBuildConfiguration section */
		3CEDF32C1966D55D0095860E /* Debug */ = {
			isa = XCBuildConfiguration;
			buildSettings = {
				ALWAYS_SEARCH_USER_PATHS = NO;
				CLANG_CXX_LANGUAGE_STANDARD = "gnu++0x";
				CLANG_CXX_LIBRARY = "libc++";
				CLANG_ENABLE_MODULES = YES;
				CLANG_ENABLE_OBJC_ARC = YES;
				CLANG_WARN_BOOL_CONVERSION = YES;
				CLANG_WARN_CONSTANT_CONVERSION = YES;
				CLANG_WARN_DIRECT_OBJC_ISA_USAGE = YES_ERROR;
				CLANG_WARN_EMPTY_BODY = YES;
				CLANG_WARN_ENUM_CONVERSION = YES;
				CLANG_WARN_INT_CONVERSION = YES;
				CLANG_WARN_OBJC_ROOT_CLASS = YES_ERROR;
				CLANG_WARN__DUPLICATE_METHOD_MATCH = YES;
				"CODE_SIGN_IDENTITY[sdk=iphoneos*]" = "iPhone Developer";
				COPY_PHASE_STRIP = NO;
				GCC_C_LANGUAGE_STANDARD = gnu99;
				GCC_DYNAMIC_NO_PIC = NO;
				GCC_OPTIMIZATION_LEVEL = 0;
				GCC_PREPROCESSOR_DEFINITIONS = (
					"DEBUG=1",
					"$(inherited)",
				);
				GCC_SYMBOLS_PRIVATE_EXTERN = NO;
				GCC_WARN_64_TO_32_BIT_CONVERSION = YES;
				GCC_WARN_ABOUT_RETURN_TYPE = YES_ERROR;
				GCC_WARN_UNDECLARED_SELECTOR = YES;
				GCC_WARN_UNINITIALIZED_AUTOS = YES_AGGRESSIVE;
				GCC_WARN_UNUSED_FUNCTION = YES;
				GCC_WARN_UNUSED_VARIABLE = YES;
				IPHONEOS_DEPLOYMENT_TARGET = 7.1;
				ONLY_ACTIVE_ARCH = YES;
				SDKROOT = iphoneos;
			};
			name = Debug;
		};
		3CEDF32D1966D55D0095860E /* Release */ = {
			isa = XCBuildConfiguration;
			buildSettings = {
				ALWAYS_SEARCH_USER_PATHS = NO;
				CLANG_CXX_LANGUAGE_STANDARD = "gnu++0x";
				CLANG_CXX_LIBRARY = "libc++";
				CLANG_ENABLE_MODULES = YES;
				CLANG_ENABLE_OBJC_ARC = YES;
				CLANG_WARN_BOOL_CONVERSION = YES;
				CLANG_WARN_CONSTANT_CONVERSION = YES;
				CLANG_WARN_DIRECT_OBJC_ISA_USAGE = YES_ERROR;
				CLANG_WARN_EMPTY_BODY = YES;
				CLANG_WARN_ENUM_CONVERSION = YES;
				CLANG_WARN_INT_CONVERSION = YES;
				CLANG_WARN_OBJC_ROOT_CLASS = YES_ERROR;
				CLANG_WARN__DUPLICATE_METHOD_MATCH = YES;
				"CODE_SIGN_IDENTITY[sdk=iphoneos*]" = "iPhone Developer";
				COPY_PHASE_STRIP = YES;
				ENABLE_NS_ASSERTIONS = NO;
				GCC_C_LANGUAGE_STANDARD = gnu99;
				GCC_WARN_64_TO_32_BIT_CONVERSION = YES;
				GCC_WARN_ABOUT_RETURN_TYPE = YES_ERROR;
				GCC_WARN_UNDECLARED_SELECTOR = YES;
				GCC_WARN_UNINITIALIZED_AUTOS = YES_AGGRESSIVE;
				GCC_WARN_UNUSED_FUNCTION = YES;
				GCC_WARN_UNUSED_VARIABLE = YES;
				IPHONEOS_DEPLOYMENT_TARGET = 7.1;
				SDKROOT = iphoneos;
				VALIDATE_PRODUCT = YES;
			};
			name = Release;
		};
		3CEDF32F1966D55D0095860E /* Debug */ = {
			isa = XCBuildConfiguration;
			buildSettings = {
				ASSETCATALOG_COMPILER_APPICON_NAME = AppIcon;
				ASSETCATALOG_COMPILER_LAUNCHIMAGE_NAME = LaunchImage;
				GCC_PRECOMPILE_PREFIX_HEADER = YES;
				GCC_PREFIX_HEADER = "Hypnotizer/Hypnotizer-Prefix.pch";
				INFOPLIST_FILE = "Hypnotizer/Hypnotizer-Info.plist";
				PRODUCT_NAME = "$(TARGET_NAME)";
				WRAPPER_EXTENSION = app;
			};
			name = Debug;
		};
		3CEDF3301966D55D0095860E /* Release */ = {
			isa = XCBuildConfiguration;
			buildSettings = {
				ASSETCATALOG_COMPILER_APPICON_NAME = AppIcon;
				ASSETCATALOG_COMPILER_LAUNCHIMAGE_NAME = LaunchImage;
				GCC_PRECOMPILE_PREFIX_HEADER = YES;
				GCC_PREFIX_HEADER = "Hypnotizer/Hypnotizer-Prefix.pch";
				INFOPLIST_FILE = "Hypnotizer/Hypnotizer-Info.plist";
				PRODUCT_NAME = "$(TARGET_NAME)";
				WRAPPER_EXTENSION = app;
			};
			name = Release;
		};
		3CEDF3321966D55D0095860E /* Debug */ = {
			isa = XCBuildConfiguration;
			buildSettings = {
				BUNDLE_LOADER = "$(BUILT_PRODUCTS_DIR)/Hypnotizer.app/Hypnotizer";
				FRAMEWORK_SEARCH_PATHS = (
					"$(SDKROOT)/Developer/Library/Frameworks",
					"$(inherited)",
					"$(DEVELOPER_FRAMEWORKS_DIR)",
				);
				GCC_PRECOMPILE_PREFIX_HEADER = YES;
				GCC_PREFIX_HEADER = "Hypnotizer/Hypnotizer-Prefix.pch";
				GCC_PREPROCESSOR_DEFINITIONS = (
					"DEBUG=1",
					"$(inherited)",
				);
				INFOPLIST_FILE = "HypnotizerTests/HypnotizerTests-Info.plist";
				PRODUCT_NAME = "$(TARGET_NAME)";
				TEST_HOST = "$(BUNDLE_LOADER)";
				WRAPPER_EXTENSION = xctest;
			};
			name = Debug;
		};
		3CEDF3331966D55D0095860E /* Release */ = {
			isa = XCBuildConfiguration;
			buildSettings = {
				BUNDLE_LOADER = "$(BUILT_PRODUCTS_DIR)/Hypnotizer.app/Hypnotizer";
				FRAMEWORK_SEARCH_PATHS = (
					"$(SDKROOT)/Developer/Library/Frameworks",
					"$(inherited)",
					"$(DEVELOPER_FRAMEWORKS_DIR)",
				);
				GCC_PRECOMPILE_PREFIX_HEADER = YES;
				GCC_PREFIX_HEADER = "Hypnotizer/Hypnotizer-Prefix.pch";
				INFOPLIST_FILE = "HypnotizerTests/HypnotizerTests-Info.plist";
				PRODUCT_NAME = "$(TARGET_NAME)";
				TEST_HOST = "$(BUNDLE_LOADER)";
				WRAPPER_EXTENSION = xctest;
			};
			name = Release;
		};
/* End XCBuildConfiguration section */

/* Begin XCConfigurationList section */
		3CEDF2FD1966D55D0095860E /* Build configuration list for PBXProject "Hypnotizer" */ = {
			isa = XCConfigurationList;
			buildConfigurations = (
				3CEDF32C1966D55D0095860E /* Debug */,
				3CEDF32D1966D55D0095860E /* Release */,
			);
			defaultConfigurationIsVisible = 0;
			defaultConfigurationName = Release;
		};
		3CEDF32E1966D55D0095860E /* Build configuration list for PBXNativeTarget "Hypnotizer" */ = {
			isa = XCConfigurationList;
			buildConfigurations = (
				3CEDF32F1966D55D0095860E /* Debug */,
				3CEDF3301966D55D0095860E /* Release */,
			);
			defaultConfigurationIsVisible = 0;
		};
		3CEDF3311966D55D0095860E /* Build configuration list for PBXNativeTarget "HypnotizerTests" */ = {
			isa = XCConfigurationList;
			buildConfigurations = (
				3CEDF3321966D55D0095860E /* Debug */,
				3CEDF3331966D55D0095860E /* Release */,
			);
			defaultConfigurationIsVisible = 0;
		};
/* End XCConfigurationList section */
	};
	rootObject = 3CEDF2FA1966D55D0095860E /* Project object */;
}
