// !$*UTF8*$!
{
	archiveVersion = 1;
	classes = {
	};
	objectVersion = 46;
	objects = {

/* Begin PBXBuildFile section */
		3CF5C8E8197520E0005E6DB7 /* Foundation.framework in Frameworks */ = {isa = PBXBuildFile; fileRef = 3CF5C8E7197520E0005E6DB7 /* Foundation.framework */; };
		3CF5C8EA197520E0005E6DB7 /* CoreGraphics.framework in Frameworks */ = {isa = PBXBuildFile; fileRef = 3CF5C8E9197520E0005E6DB7 /* CoreGraphics.framework */; };
		3CF5C8EC197520E0005E6DB7 /* UIKit.framework in Frameworks */ = {isa = PBXBuildFile; fileRef = 3CF5C8EB197520E0005E6DB7 /* UIKit.framework */; };
		3CF5C8F2197520E0005E6DB7 /* InfoPlist.strings in Resources */ = {isa = PBXBuildFile; fileRef = 3CF5C8F0197520E0005E6DB7 /* InfoPlist.strings */; };
		3CF5C8F4197520E0005E6DB7 /* main.m in Sources */ = {isa = PBXBuildFile; fileRef = 3CF5C8F3197520E0005E6DB7 /* main.m */; };
		3CF5C8F8197520E0005E6DB7 /* XYZAppDelegate.m in Sources */ = {isa = PBXBuildFile; fileRef = 3CF5C8F7197520E0005E6DB7 /* XYZAppDelegate.m */; };
		3CF5C8FA197520E0005E6DB7 /* Images.xcassets in Resources */ = {isa = PBXBuildFile; fileRef = 3CF5C8F9197520E0005E6DB7 /* Images.xcassets */; };
		3CF5C901197520E0005E6DB7 /* XCTest.framework in Frameworks */ = {isa = PBXBuildFile; fileRef = 3CF5C900197520E0005E6DB7 /* XCTest.framework */; };
		3CF5C902197520E0005E6DB7 /* Foundation.framework in Frameworks */ = {isa = PBXBuildFile; fileRef = 3CF5C8E7197520E0005E6DB7 /* Foundation.framework */; };
		3CF5C903197520E0005E6DB7 /* UIKit.framework in Frameworks */ = {isa = PBXBuildFile; fileRef = 3CF5C8EB197520E0005E6DB7 /* UIKit.framework */; };
		3CF5C90B197520E0005E6DB7 /* InfoPlist.strings in Resources */ = {isa = PBXBuildFile; fileRef = 3CF5C909197520E0005E6DB7 /* InfoPlist.strings */; };
		3CF5C90D197520E0005E6DB7 /* HypnoNerdTests.m in Sources */ = {isa = PBXBuildFile; fileRef = 3CF5C90C197520E0005E6DB7 /* HypnoNerdTests.m */; };
		3CF5C91819752111005E6DB7 /* XYZHypnosisView.m in Sources */ = {isa = PBXBuildFile; fileRef = 3CF5C91719752111005E6DB7 /* XYZHypnosisView.m */; };
		3CF5C91B19752155005E6DB7 /* XYZHypnosisViewController.m in Sources */ = {isa = PBXBuildFile; fileRef = 3CF5C91A19752155005E6DB7 /* XYZHypnosisViewController.m */; };
		3CF5C91E19752332005E6DB7 /* XYZReminderViewController.m in Sources */ = {isa = PBXBuildFile; fileRef = 3CF5C91D19752332005E6DB7 /* XYZReminderViewController.m */; };
		3CF5C920197523EE005E6DB7 /* XYZReminderViewController.xib in Resources */ = {isa = PBXBuildFile; fileRef = 3CF5C91F197523EE005E6DB7 /* XYZReminderViewController.xib */; };
		3CF5C929197545E1005E6DB7 /* XYZViewController.m in Sources */ = {isa = PBXBuildFile; fileRef = 3CF5C927197545E1005E6DB7 /* XYZViewController.m */; };
		3CF5C92A197545E1005E6DB7 /* XYZViewController.xib in Resources */ = {isa = PBXBuildFile; fileRef = 3CF5C928197545E1005E6DB7 /* XYZViewController.xib */; };
		3CFE23FC1977ED1800BB73B3 /* MySegmentedControl.m in Sources */ = {isa = PBXBuildFile; fileRef = 3CFE23FB1977ED1800BB73B3 /* MySegmentedControl.m */; };
/* End PBXBuildFile section */

/* Begin PBXContainerItemProxy section */
		3CF5C904197520E0005E6DB7 /* PBXContainerItemProxy */ = {
			isa = PBXContainerItemProxy;
			containerPortal = 3CF5C8DC197520E0005E6DB7 /* Project object */;
			proxyType = 1;
			remoteGlobalIDString = 3CF5C8E3197520E0005E6DB7;
			remoteInfo = HypnoNerd;
		};
/* End PBXContainerItemProxy section */

/* Begin PBXFileReference section */
		3CF5C8E4197520E0005E6DB7 /* HypnoNerd.app */ = {isa = PBXFileReference; explicitFileType = wrapper.application; includeInIndex = 0; path = HypnoNerd.app; sourceTree = BUILT_PRODUCTS_DIR; };
		3CF5C8E7197520E0005E6DB7 /* Foundation.framework */ = {isa = PBXFileReference; lastKnownFileType = wrapper.framework; name = Foundation.framework; path = System/Library/Frameworks/Foundation.framework; sourceTree = SDKROOT; };
		3CF5C8E9197520E0005E6DB7 /* CoreGraphics.framework */ = {isa = PBXFileReference; lastKnownFileType = wrapper.framework; name = CoreGraphics.framework; path = System/Library/Frameworks/CoreGraphics.framework; sourceTree = SDKROOT; };
		3CF5C8EB197520E0005E6DB7 /* UIKit.framework */ = {isa = PBXFileReference; lastKnownFileType = wrapper.framework; name = UIKit.framework; path = System/Library/Frameworks/UIKit.framework; sourceTree = SDKROOT; };
		3CF5C8EF197520E0005E6DB7 /* HypnoNerd-Info.plist */ = {isa = PBXFileReference; lastKnownFileType = text.plist.xml; path = "HypnoNerd-Info.plist"; sourceTree = "<group>"; };
		3CF5C8F1197520E0005E6DB7 /* en */ = {isa = PBXFileReference; lastKnownFileType = text.plist.strings; name = en; path = en.lproj/InfoPlist.strings; sourceTree = "<group>"; };
		3CF5C8F3197520E0005E6DB7 /* main.m */ = {isa = PBXFileReference; lastKnownFileType = sourcecode.c.objc; path = main.m; sourceTree = "<group>"; };
		3CF5C8F5197520E0005E6DB7 /* HypnoNerd-Prefix.pch */ = {isa = PBXFileReference; lastKnownFileType = sourcecode.c.h; path = "HypnoNerd-Prefix.pch"; sourceTree = "<group>"; };
		3CF5C8F6197520E0005E6DB7 /* XYZAppDelegate.h */ = {isa = PBXFileReference; lastKnownFileType = sourcecode.c.h; path = XYZAppDelegate.h; sourceTree = "<group>"; };
		3CF5C8F7197520E0005E6DB7 /* XYZAppDelegate.m */ = {isa = PBXFileReference; lastKnownFileType = sourcecode.c.objc; path = XYZAppDelegate.m; sourceTree = "<group>"; };
		3CF5C8F9197520E0005E6DB7 /* Images.xcassets */ = {isa = PBXFileReference; lastKnownFileType = folder.assetcatalog; path = Images.xcassets; sourceTree = "<group>"; };
		3CF5C8FF197520E0005E6DB7 /* HypnoNerdTests.xctest */ = {isa = PBXFileReference; explicitFileType = wrapper.cfbundle; includeInIndex = 0; path = HypnoNerdTests.xctest; sourceTree = BUILT_PRODUCTS_DIR; };
		3CF5C900197520E0005E6DB7 /* XCTest.framework */ = {isa = PBXFileReference; lastKnownFileType = wrapper.framework; name = XCTest.framework; path = Library/Frameworks/XCTest.framework; sourceTree = DEVELOPER_DIR; };
		3CF5C908197520E0005E6DB7 /* HypnoNerdTests-Info.plist */ = {isa = PBXFileReference; lastKnownFileType = text.plist.xml; path = "HypnoNerdTests-Info.plist"; sourceTree = "<group>"; };
		3CF5C90A197520E0005E6DB7 /* en */ = {isa = PBXFileReference; lastKnownFileType = text.plist.strings; name = en; path = en.lproj/InfoPlist.strings; sourceTree = "<group>"; };
		3CF5C90C197520E0005E6DB7 /* HypnoNerdTests.m */ = {isa = PBXFileReference; lastKnownFileType = sourcecode.c.objc; path = HypnoNerdTests.m; sourceTree = "<group>"; };
		3CF5C91619752111005E6DB7 /* XYZHypnosisView.h */ = {isa = PBXFileReference; fileEncoding = 4; lastKnownFileType = sourcecode.c.h; path = XYZHypnosisView.h; sourceTree = "<group>"; };
		3CF5C91719752111005E6DB7 /* XYZHypnosisView.m */ = {isa = PBXFileReference; fileEncoding = 4; lastKnownFileType = sourcecode.c.objc; path = XYZHypnosisView.m; sourceTree = "<group>"; };
		3CF5C91919752155005E6DB7 /* XYZHypnosisViewController.h */ = {isa = PBXFileReference; fileEncoding = 4; lastKnownFileType = sourcecode.c.h; path = XYZHypnosisViewController.h; sourceTree = "<group>"; };
		3CF5C91A19752155005E6DB7 /* XYZHypnosisViewController.m */ = {isa = PBXFileReference; fileEncoding = 4; lastKnownFileType = sourcecode.c.objc; path = XYZHypnosisViewController.m; sourceTree = "<group>"; };
		3CF5C91C19752332005E6DB7 /* XYZReminderViewController.h */ = {isa = PBXFileReference; fileEncoding = 4; lastKnownFileType = sourcecode.c.h; path = XYZReminderViewController.h; sourceTree = "<group>"; };
		3CF5C91D19752332005E6DB7 /* XYZReminderViewController.m */ = {isa = PBXFileReference; fileEncoding = 4; lastKnownFileType = sourcecode.c.objc; path = XYZReminderViewController.m; sourceTree = "<group>"; };
		3CF5C91F197523EE005E6DB7 /* XYZReminderViewController.xib */ = {isa = PBXFileReference; fileEncoding = 4; lastKnownFileType = file.xib; path = XYZReminderViewController.xib; sourceTree = "<group>"; };
		3CF5C926197545E1005E6DB7 /* XYZViewController.h */ = {isa = PBXFileReference; fileEncoding = 4; lastKnownFileType = sourcecode.c.h; path = XYZViewController.h; sourceTree = "<group>"; };
		3CF5C927197545E1005E6DB7 /* XYZViewController.m */ = {isa = PBXFileReference; fileEncoding = 4; lastKnownFileType = sourcecode.c.objc; path = XYZViewController.m; sourceTree = "<group>"; };
		3CF5C928197545E1005E6DB7 /* XYZViewController.xib */ = {isa = PBXFileReference; fileEncoding = 4; lastKnownFileType = file.xib; path = XYZViewController.xib; sourceTree = "<group>"; };
		3CFE23FA1977ED1800BB73B3 /* MySegmentedControl.h */ = {isa = PBXFileReference; fileEncoding = 4; lastKnownFileType = sourcecode.c.h; path = MySegmentedControl.h; sourceTree = "<group>"; };
		3CFE23FB1977ED1800BB73B3 /* MySegmentedControl.m */ = {isa = PBXFileReference; fileEncoding = 4; lastKnownFileType = sourcecode.c.objc; path = MySegmentedControl.m; sourceTree = "<group>"; };
/* End PBXFileReference section */

/* Begin PBXFrameworksBuildPhase section */
		3CF5C8E1197520E0005E6DB7 /* Frameworks */ = {
			isa = PBXFrameworksBuildPhase;
			buildActionMask = 2147483647;
			files = (
				3CF5C8EA197520E0005E6DB7 /* CoreGraphics.framework in Frameworks */,
				3CF5C8EC197520E0005E6DB7 /* UIKit.framework in Frameworks */,
				3CF5C8E8197520E0005E6DB7 /* Foundation.framework in Frameworks */,
			);
			runOnlyForDeploymentPostprocessing = 0;
		};
		3CF5C8FC197520E0005E6DB7 /* Frameworks */ = {
			isa = PBXFrameworksBuildPhase;
			buildActionMask = 2147483647;
			files = (
				3CF5C901197520E0005E6DB7 /* XCTest.framework in Frameworks */,
				3CF5C903197520E0005E6DB7 /* UIKit.framework in Frameworks */,
				3CF5C902197520E0005E6DB7 /* Foundation.framework in Frameworks */,
			);
			runOnlyForDeploymentPostprocessing = 0;
		};
/* End PBXFrameworksBuildPhase section */

/* Begin PBXGroup section */
		3CF5C8DB197520E0005E6DB7 = {
			isa = PBXGroup;
			children = (
				3CF5C926197545E1005E6DB7 /* XYZViewController.h */,
				3CF5C927197545E1005E6DB7 /* XYZViewController.m */,
				3CF5C928197545E1005E6DB7 /* XYZViewController.xib */,
				3CF5C91919752155005E6DB7 /* XYZHypnosisViewController.h */,
				3CF5C91A19752155005E6DB7 /* XYZHypnosisViewController.m */,
				3CFE23FA1977ED1800BB73B3 /* MySegmentedControl.h */,
				3CFE23FB1977ED1800BB73B3 /* MySegmentedControl.m */,
				3CF5C91619752111005E6DB7 /* XYZHypnosisView.h */,
				3CF5C91719752111005E6DB7 /* XYZHypnosisView.m */,
				3CF5C8ED197520E0005E6DB7 /* HypnoNerd */,
				3CF5C906197520E0005E6DB7 /* HypnoNerdTests */,
				3CF5C8E6197520E0005E6DB7 /* Frameworks */,
				3CF5C8E5197520E0005E6DB7 /* Products */,
			);
			sourceTree = "<group>";
		};
		3CF5C8E5197520E0005E6DB7 /* Products */ = {
			isa = PBXGroup;
			children = (
				3CF5C8E4197520E0005E6DB7 /* HypnoNerd.app */,
				3CF5C8FF197520E0005E6DB7 /* HypnoNerdTests.xctest */,
			);
			name = Products;
			sourceTree = "<group>";
		};
		3CF5C8E6197520E0005E6DB7 /* Frameworks */ = {
			isa = PBXGroup;
			children = (
				3CF5C8E7197520E0005E6DB7 /* Foundation.framework */,
				3CF5C8E9197520E0005E6DB7 /* CoreGraphics.framework */,
				3CF5C8EB197520E0005E6DB7 /* UIKit.framework */,
				3CF5C900197520E0005E6DB7 /* XCTest.framework */,
			);
			name = Frameworks;
			sourceTree = "<group>";
		};
		3CF5C8ED197520E0005E6DB7 /* HypnoNerd */ = {
			isa = PBXGroup;
			children = (
				3CF5C8F6197520E0005E6DB7 /* XYZAppDelegate.h */,
				3CF5C8F7197520E0005E6DB7 /* XYZAppDelegate.m */,
				3CF5C91C19752332005E6DB7 /* XYZReminderViewController.h */,
				3CF5C91D19752332005E6DB7 /* XYZReminderViewController.m */,
				3CF5C91F197523EE005E6DB7 /* XYZReminderViewController.xib */,
				3CF5C8F9197520E0005E6DB7 /* Images.xcassets */,
				3CF5C8EE197520E0005E6DB7 /* Supporting Files */,
			);
			path = HypnoNerd;
			sourceTree = "<group>";
		};
		3CF5C8EE197520E0005E6DB7 /* Supporting Files */ = {
			isa = PBXGroup;
			children = (
				3CF5C8EF197520E0005E6DB7 /* HypnoNerd-Info.plist */,
				3CF5C8F0197520E0005E6DB7 /* InfoPlist.strings */,
				3CF5C8F3197520E0005E6DB7 /* main.m */,
				3CF5C8F5197520E0005E6DB7 /* HypnoNerd-Prefix.pch */,
			);
			name = "Supporting Files";
			sourceTree = "<group>";
		};
		3CF5C906197520E0005E6DB7 /* HypnoNerdTests */ = {
			isa = PBXGroup;
			children = (
				3CF5C90C197520E0005E6DB7 /* HypnoNerdTests.m */,
				3CF5C907197520E0005E6DB7 /* Supporting Files */,
			);
			path = HypnoNerdTests;
			sourceTree = "<group>";
		};
		3CF5C907197520E0005E6DB7 /* Supporting Files */ = {
			isa = PBXGroup;
			children = (
				3CF5C908197520E0005E6DB7 /* HypnoNerdTests-Info.plist */,
				3CF5C909197520E0005E6DB7 /* InfoPlist.strings */,
			);
			name = "Supporting Files";
			sourceTree = "<group>";
		};
/* End PBXGroup section */

/* Begin PBXNativeTarget section */
		3CF5C8E3197520E0005E6DB7 /* HypnoNerd */ = {
			isa = PBXNativeTarget;
			buildConfigurationList = 3CF5C910197520E0005E6DB7 /* Build configuration list for PBXNativeTarget "HypnoNerd" */;
			buildPhases = (
				3CF5C8E0197520E0005E6DB7 /* Sources */,
				3CF5C8E1197520E0005E6DB7 /* Frameworks */,
				3CF5C8E2197520E0005E6DB7 /* Resources */,
			);
			buildRules = (
			);
			dependencies = (
			);
			name = HypnoNerd;
			productName = HypnoNerd;
			productReference = 3CF5C8E4197520E0005E6DB7 /* HypnoNerd.app */;
			productType = "com.apple.product-type.application";
		};
		3CF5C8FE197520E0005E6DB7 /* HypnoNerdTests */ = {
			isa = PBXNativeTarget;
			buildConfigurationList = 3CF5C913197520E0005E6DB7 /* Build configuration list for PBXNativeTarget "HypnoNerdTests" */;
			buildPhases = (
				3CF5C8FB197520E0005E6DB7 /* Sources */,
				3CF5C8FC197520E0005E6DB7 /* Frameworks */,
				3CF5C8FD197520E0005E6DB7 /* Resources */,
			);
			buildRules = (
			);
			dependencies = (
				3CF5C905197520E0005E6DB7 /* PBXTargetDependency */,
			);
			name = HypnoNerdTests;
			productName = HypnoNerdTests;
			productReference = 3CF5C8FF197520E0005E6DB7 /* HypnoNerdTests.xctest */;
			productType = "com.apple.product-type.bundle.unit-test";
		};
/* End PBXNativeTarget section */

/* Begin PBXProject section */
		3CF5C8DC197520E0005E6DB7 /* Project object */ = {
			isa = PBXProject;
			attributes = {
				CLASSPREFIX = XYZ;
				LastUpgradeCheck = 0510;
				ORGANIZATIONNAME = "Valliappa Chockalingam";
				TargetAttributes = {
					3CF5C8FE197520E0005E6DB7 = {
						TestTargetID = 3CF5C8E3197520E0005E6DB7;
					};
				};
			};
			buildConfigurationList = 3CF5C8DF197520E0005E6DB7 /* Build configuration list for PBXProject "HypnoNerd" */;
			compatibilityVersion = "Xcode 3.2";
			developmentRegion = English;
			hasScannedForEncodings = 0;
			knownRegions = (
				en,
			);
			mainGroup = 3CF5C8DB197520E0005E6DB7;
			productRefGroup = 3CF5C8E5197520E0005E6DB7 /* Products */;
			projectDirPath = "";
			projectRoot = "";
			targets = (
				3CF5C8E3197520E0005E6DB7 /* HypnoNerd */,
				3CF5C8FE197520E0005E6DB7 /* HypnoNerdTests */,
			);
		};
/* End PBXProject section */

/* Begin PBXResourcesBuildPhase section */
		3CF5C8E2197520E0005E6DB7 /* Resources */ = {
			isa = PBXResourcesBuildPhase;
			buildActionMask = 2147483647;
			files = (
				3CF5C92A197545E1005E6DB7 /* XYZViewController.xib in Resources */,
				3CF5C920197523EE005E6DB7 /* XYZReminderViewController.xib in Resources */,
				3CF5C8F2197520E0005E6DB7 /* InfoPlist.strings in Resources */,
				3CF5C8FA197520E0005E6DB7 /* Images.xcassets in Resources */,
			);
			runOnlyForDeploymentPostprocessing = 0;
		};
		3CF5C8FD197520E0005E6DB7 /* Resources */ = {
			isa = PBXResourcesBuildPhase;
			buildActionMask = 2147483647;
			files = (
				3CF5C90B197520E0005E6DB7 /* InfoPlist.strings in Resources */,
			);
			runOnlyForDeploymentPostprocessing = 0;
		};
/* End PBXResourcesBuildPhase section */

/* Begin PBXSourcesBuildPhase section */
		3CF5C8E0197520E0005E6DB7 /* Sources */ = {
			isa = PBXSourcesBuildPhase;
			buildActionMask = 2147483647;
			files = (
				3CF5C929197545E1005E6DB7 /* XYZViewController.m in Sources */,
				3CF5C91E19752332005E6DB7 /* XYZReminderViewController.m in Sources */,
				3CF5C91819752111005E6DB7 /* XYZHypnosisView.m in Sources */,
				3CFE23FC1977ED1800BB73B3 /* MySegmentedControl.m in Sources */,
				3CF5C91B19752155005E6DB7 /* XYZHypnosisViewController.m in Sources */,
				3CF5C8F8197520E0005E6DB7 /* XYZAppDelegate.m in Sources */,
				3CF5C8F4197520E0005E6DB7 /* main.m in Sources */,
			);
			runOnlyForDeploymentPostprocessing = 0;
		};
		3CF5C8FB197520E0005E6DB7 /* Sources */ = {
			isa = PBXSourcesBuildPhase;
			buildActionMask = 2147483647;
			files = (
				3CF5C90D197520E0005E6DB7 /* HypnoNerdTests.m in Sources */,
			);
			runOnlyForDeploymentPostprocessing = 0;
		};
/* End PBXSourcesBuildPhase section */

/* Begin PBXTargetDependency section */
		3CF5C905197520E0005E6DB7 /* PBXTargetDependency */ = {
			isa = PBXTargetDependency;
			target = 3CF5C8E3197520E0005E6DB7 /* HypnoNerd */;
			targetProxy = 3CF5C904197520E0005E6DB7 /* PBXContainerItemProxy */;
		};
/* End PBXTargetDependency section */

/* Begin PBXVariantGroup section */
		3CF5C8F0197520E0005E6DB7 /* InfoPlist.strings */ = {
			isa = PBXVariantGroup;
			children = (
				3CF5C8F1197520E0005E6DB7 /* en */,
			);
			name = InfoPlist.strings;
			sourceTree = "<group>";
		};
		3CF5C909197520E0005E6DB7 /* InfoPlist.strings */ = {
			isa = PBXVariantGroup;
			children = (
				3CF5C90A197520E0005E6DB7 /* en */,
			);
			name = InfoPlist.strings;
			sourceTree = "<group>";
		};
/* End PBXVariantGroup section */

/* Begin XCBuildConfiguration section */
		3CF5C90E197520E0005E6DB7 /* Debug */ = {
			isa = XCBuildConfiguration;
			buildSettings = {
				ALWAYS_SEARCH_USER_PATHS = NO;
				CLANG_CXX_LANGUAGE_STANDARD = "gnu++0x";
				CLANG_CXX_LIBRARY = "libc++";
				CLANG_ENABLE_MODULES = YES;
				CLANG_ENABLE_OBJC_ARC = YES;
				CLANG_WARN_BOOL_CONVERSION = YES;
				CLANG_WARN_CONSTANT_CONVERSION = YES;
				CLANG_WARN_DIRECT_OBJC_ISA_USAGE = YES_ERROR;
				CLANG_WARN_EMPTY_BODY = YES;
				CLANG_WARN_ENUM_CONVERSION = YES;
				CLANG_WARN_INT_CONVERSION = YES;
				CLANG_WARN_OBJC_ROOT_CLASS = YES_ERROR;
				CLANG_WARN__DUPLICATE_METHOD_MATCH = YES;
				"CODE_SIGN_IDENTITY[sdk=iphoneos*]" = "iPhone Developer";
				COPY_PHASE_STRIP = NO;
				GCC_C_LANGUAGE_STANDARD = gnu99;
				GCC_DYNAMIC_NO_PIC = NO;
				GCC_OPTIMIZATION_LEVEL = 0;
				GCC_PREPROCESSOR_DEFINITIONS = (
					"DEBUG=1",
					"$(inherited)",
				);
				GCC_SYMBOLS_PRIVATE_EXTERN = NO;
				GCC_WARN_64_TO_32_BIT_CONVERSION = YES;
				GCC_WARN_ABOUT_RETURN_TYPE = YES_ERROR;
				GCC_WARN_UNDECLARED_SELECTOR = YES;
				GCC_WARN_UNINITIALIZED_AUTOS = YES_AGGRESSIVE;
				GCC_WARN_UNUSED_FUNCTION = YES;
				GCC_WARN_UNUSED_VARIABLE = YES;
				IPHONEOS_DEPLOYMENT_TARGET = 7.1;
				ONLY_ACTIVE_ARCH = YES;
				SDKROOT = iphoneos;
			};
			name = Debug;
		};
		3CF5C90F197520E0005E6DB7 /* Release */ = {
			isa = XCBuildConfiguration;
			buildSettings = {
				ALWAYS_SEARCH_USER_PATHS = NO;
				CLANG_CXX_LANGUAGE_STANDARD = "gnu++0x";
				CLANG_CXX_LIBRARY = "libc++";
				CLANG_ENABLE_MODULES = YES;
				CLANG_ENABLE_OBJC_ARC = YES;
				CLANG_WARN_BOOL_CONVERSION = YES;
				CLANG_WARN_CONSTANT_CONVERSION = YES;
				CLANG_WARN_DIRECT_OBJC_ISA_USAGE = YES_ERROR;
				CLANG_WARN_EMPTY_BODY = YES;
				CLANG_WARN_ENUM_CONVERSION = YES;
				CLANG_WARN_INT_CONVERSION = YES;
				CLANG_WARN_OBJC_ROOT_CLASS = YES_ERROR;
				CLANG_WARN__DUPLICATE_METHOD_MATCH = YES;
				"CODE_SIGN_IDENTITY[sdk=iphoneos*]" = "iPhone Developer";
				COPY_PHASE_STRIP = YES;
				ENABLE_NS_ASSERTIONS = NO;
				GCC_C_LANGUAGE_STANDARD = gnu99;
				GCC_WARN_64_TO_32_BIT_CONVERSION = YES;
				GCC_WARN_ABOUT_RETURN_TYPE = YES_ERROR;
				GCC_WARN_UNDECLARED_SELECTOR = YES;
				GCC_WARN_UNINITIALIZED_AUTOS = YES_AGGRESSIVE;
				GCC_WARN_UNUSED_FUNCTION = YES;
				GCC_WARN_UNUSED_VARIABLE = YES;
				IPHONEOS_DEPLOYMENT_TARGET = 7.1;
				SDKROOT = iphoneos;
				VALIDATE_PRODUCT = YES;
			};
			name = Release;
		};
		3CF5C911197520E0005E6DB7 /* Debug */ = {
			isa = XCBuildConfiguration;
			buildSettings = {
				ASSETCATALOG_COMPILER_APPICON_NAME = AppIcon;
				ASSETCATALOG_COMPILER_LAUNCHIMAGE_NAME = LaunchImage;
				GCC_PRECOMPILE_PREFIX_HEADER = YES;
				GCC_PREFIX_HEADER = "HypnoNerd/HypnoNerd-Prefix.pch";
				INFOPLIST_FILE = "HypnoNerd/HypnoNerd-Info.plist";
				PRODUCT_NAME = "$(TARGET_NAME)";
				WRAPPER_EXTENSION = app;
			};
			name = Debug;
		};
		3CF5C912197520E0005E6DB7 /* Release */ = {
			isa = XCBuildConfiguration;
			buildSettings = {
				ASSETCATALOG_COMPILER_APPICON_NAME = AppIcon;
				ASSETCATALOG_COMPILER_LAUNCHIMAGE_NAME = LaunchImage;
				GCC_PRECOMPILE_PREFIX_HEADER = YES;
				GCC_PREFIX_HEADER = "HypnoNerd/HypnoNerd-Prefix.pch";
				INFOPLIST_FILE = "HypnoNerd/HypnoNerd-Info.plist";
				PRODUCT_NAME = "$(TARGET_NAME)";
				WRAPPER_EXTENSION = app;
			};
			name = Release;
		};
		3CF5C914197520E0005E6DB7 /* Debug */ = {
			isa = XCBuildConfiguration;
			buildSettings = {
				BUNDLE_LOADER = "$(BUILT_PRODUCTS_DIR)/HypnoNerd.app/HypnoNerd";
				FRAMEWORK_SEARCH_PATHS = (
					"$(SDKROOT)/Developer/Library/Frameworks",
					"$(inherited)",
					"$(DEVELOPER_FRAMEWORKS_DIR)",
				);
				GCC_PRECOMPILE_PREFIX_HEADER = YES;
				GCC_PREFIX_HEADER = "HypnoNerd/HypnoNerd-Prefix.pch";
				GCC_PREPROCESSOR_DEFINITIONS = (
					"DEBUG=1",
					"$(inherited)",
				);
				INFOPLIST_FILE = "HypnoNerdTests/HypnoNerdTests-Info.plist";
				PRODUCT_NAME = "$(TARGET_NAME)";
				TEST_HOST = "$(BUNDLE_LOADER)";
				WRAPPER_EXTENSION = xctest;
			};
			name = Debug;
		};
		3CF5C915197520E0005E6DB7 /* Release */ = {
			isa = XCBuildConfiguration;
			buildSettings = {
				BUNDLE_LOADER = "$(BUILT_PRODUCTS_DIR)/HypnoNerd.app/HypnoNerd";
				FRAMEWORK_SEARCH_PATHS = (
					"$(SDKROOT)/Developer/Library/Frameworks",
					"$(inherited)",
					"$(DEVELOPER_FRAMEWORKS_DIR)",
				);
				GCC_PRECOMPILE_PREFIX_HEADER = YES;
				GCC_PREFIX_HEADER = "HypnoNerd/HypnoNerd-Prefix.pch";
				INFOPLIST_FILE = "HypnoNerdTests/HypnoNerdTests-Info.plist";
				PRODUCT_NAME = "$(TARGET_NAME)";
				TEST_HOST = "$(BUNDLE_LOADER)";
				WRAPPER_EXTENSION = xctest;
			};
			name = Release;
		};
/* End XCBuildConfiguration section */

/* Begin XCConfigurationList section */
		3CF5C8DF197520E0005E6DB7 /* Build configuration list for PBXProject "HypnoNerd" */ = {
			isa = XCConfigurationList;
			buildConfigurations = (
				3CF5C90E197520E0005E6DB7 /* Debug */,
				3CF5C90F197520E0005E6DB7 /* Release */,
			);
			defaultConfigurationIsVisible = 0;
			defaultConfigurationName = Release;
		};
		3CF5C910197520E0005E6DB7 /* Build configuration list for PBXNativeTarget "HypnoNerd" */ = {
			isa = XCConfigurationList;
			buildConfigurations = (
				3CF5C911197520E0005E6DB7 /* Debug */,
				3CF5C912197520E0005E6DB7 /* Release */,
			);
			defaultConfigurationIsVisible = 0;
			defaultConfigurationName = Release;
		};
		3CF5C913197520E0005E6DB7 /* Build configuration list for PBXNativeTarget "HypnoNerdTests" */ = {
			isa = XCConfigurationList;
			buildConfigurations = (
				3CF5C914197520E0005E6DB7 /* Debug */,
				3CF5C915197520E0005E6DB7 /* Release */,
			);
			defaultConfigurationIsVisible = 0;
			defaultConfigurationName = Release;
		};
/* End XCConfigurationList section */
	};
	rootObject = 3CF5C8DC197520E0005E6DB7 /* Project object */;
}
